
Microsoft Visual Studio Solution File, Format Version 12.00
# Visual Studio Version 16
VisualStudioVersion = 16.0.29230.47
MinimumVisualStudioVersion = 10.0.40219.1
Project("{FAE04EC0-301F-11D3-BF4B-00C04F79EFBC}") = "FirstASPNETWebApp", "FirstASPNETWebApp.csproj", "{DEDF83C7-7E6B-4DD2-B80C-1191BE1CE52B}"
EndProject
Global
	GlobalSection(SolutionConfigurationPlatforms) = preSolution
		Debug|Any CPU = Debug|Any CPU
		Release|Any CPU = Release|Any CPU
	EndGlobalSection
	GlobalSection(ProjectConfigurationPlatforms) = postSolution
		{DEDF83C7-7E6B-4DD2-B80C-1191BE1CE52B}.Debug|Any CPU.ActiveCfg = Debug|Any CPU
		{DEDF83C7-7E6B-4DD2-B80C-1191BE1CE52B}.Debug|Any CPU.Build.0 = Debug|Any CPU
		{DEDF83C7-7E6B-4DD2-B80C-1191BE1CE52B}.Release|Any CPU.ActiveCfg = Release|Any CPU
		{DEDF83C7-7E6B-4DD2-B80C-1191BE1CE52B}.Release|Any CPU.Build.0 = Release|Any CPU
	EndGlobalSection
	GlobalSection(SolutionProperties) = preSolution
		HideSolutionNode = FALSE
	EndGlobalSection
	GlobalSection(ExtensibilityGlobals) = postSolution
		SolutionGuid = {1821C334-478E-40C9-B4C1-F328237ECE85}
	EndGlobalSection
EndGlobal
